{
  "projects": [
    {
      "projectId": "seaQhLVS4bbjiGvJJrRwyL",
      "version": "15.0.3",
      "dependencies": {},
      "lang": "js",
      "fileLocks": [
        {
          "assetId": "seaQhLVS4bbjiGvJJrRwyL",
          "type": "projectCss",
          "checksum": "ece20f44556ec6d6230797947e2125ef"
        }
      ]
    },
    {
      "projectId": "vTsuUyJBsoqwPKwGjvgKMg",
      "version": "latest",
      "dependencies": {
        "seaQhLVS4bbjiGvJJrRwyL": "15.0.3"
      },
      "lang": "js",
      "fileLocks": [
        {
          "type": "globalVariant",
          "assetId": "LLj2xHLSZywX",
          "checksum": "b725332e677b2a2638e7974e3121127c"
        },
        {
          "assetId": "vTsuUyJBsoqwPKwGjvgKMg",
          "type": "projectCss",
          "checksum": "462c5bb869d3c1710f99d796b1060ceb"
        },
        {
          "type": "renderModule",
          "assetId": "lhTIjsw79-V",
          "checksum": "33d893f688fe3f9b4102f07f6a2f3f27"
        },
        {
          "type": "cssRules",
          "assetId": "lhTIjsw79-V",
          "checksum": "33d893f688fe3f9b4102f07f6a2f3f27"
        },
        {
          "type": "renderModule",
          "assetId": "GrOEPhscx_v",
          "checksum": "629f62113dab02574295a46724d0f80c"
        },
        {
          "type": "cssRules",
          "assetId": "GrOEPhscx_v",
          "checksum": "629f62113dab02574295a46724d0f80c"
        },
        {
          "type": "renderModule",
          "assetId": "2DtlwyDDA4m",
          "checksum": "537d2c06dd6b6799a79c8b0ccc79e895"
        },
        {
          "type": "cssRules",
          "assetId": "2DtlwyDDA4m",
          "checksum": "537d2c06dd6b6799a79c8b0ccc79e895"
        },
        {
          "type": "renderModule",
          "assetId": "KZlUJU-cQUJ",
          "checksum": "ed4c7bd7de9d6fccc9ea20929753a8be"
        },
        {
          "type": "cssRules",
          "assetId": "KZlUJU-cQUJ",
          "checksum": "ed4c7bd7de9d6fccc9ea20929753a8be"
        },
        {
          "type": "renderModule",
          "assetId": "sFGOecZNEAdK",
          "checksum": "78206c54cc8d21699b8e9a6427597ca8"
        },
        {
          "type": "cssRules",
          "assetId": "sFGOecZNEAdK",
          "checksum": "78206c54cc8d21699b8e9a6427597ca8"
        },
        {
          "type": "renderModule",
          "assetId": "Ch2oeD3ovQGz",
          "checksum": "e91fc717f15945e40e6aec0ebc4239a0"
        },
        {
          "type": "cssRules",
          "assetId": "Ch2oeD3ovQGz",
          "checksum": "e91fc717f15945e40e6aec0ebc4239a0"
        },
        {
          "type": "renderModule",
          "assetId": "sNIw3_URSO_R",
          "checksum": "c2d7ade3ee25256b3bdb2f78e497cdc7"
        },
        {
          "type": "cssRules",
          "assetId": "sNIw3_URSO_R",
          "checksum": "c2d7ade3ee25256b3bdb2f78e497cdc7"
        },
        {
          "type": "renderModule",
          "assetId": "8FB9biapNPhM",
          "checksum": "385690a46d142954fc336a42e47b9c03"
        },
        {
          "type": "cssRules",
          "assetId": "8FB9biapNPhM",
          "checksum": "385690a46d142954fc336a42e47b9c03"
        },
        {
          "type": "renderModule",
          "assetId": "ZOltP1jkppDh",
          "checksum": "5cc444f475db4c3e5a67cd9a8c167fd8"
        },
        {
          "type": "cssRules",
          "assetId": "ZOltP1jkppDh",
          "checksum": "5cc444f475db4c3e5a67cd9a8c167fd8"
        },
        {
          "type": "renderModule",
          "assetId": "4Cz3IJb9HjUp",
          "checksum": "b4cdc105c481c6b44d68ba111fcec771"
        },
        {
          "type": "cssRules",
          "assetId": "4Cz3IJb9HjUp",
          "checksum": "b4cdc105c481c6b44d68ba111fcec771"
        },
        {
          "type": "renderModule",
          "assetId": "DmNqlp5KZVpM",
          "checksum": "dd62df70106e705d2ae99d25b54f081d"
        },
        {
          "type": "cssRules",
          "assetId": "DmNqlp5KZVpM",
          "checksum": "dd62df70106e705d2ae99d25b54f081d"
        },
        {
          "type": "icon",
          "assetId": "vLKoKJU9NlSw",
          "checksum": "77cddd33687a5bec80ab91090f5cbbbe"
        },
        {
          "type": "icon",
          "assetId": "TbXSWsDu8Bxf",
          "checksum": "51db58e8641b43d9d166039ce0feae8b"
        },
        {
          "type": "icon",
          "assetId": "ARrTn4qfdMRh",
          "checksum": "49f3f0725a580323149cc4d2b9efdd14"
        },
        {
          "type": "icon",
          "assetId": "PSo3KhiBfqI4",
          "checksum": "651d15601a6aeb7a8496448694f19a83"
        },
        {
          "type": "icon",
          "assetId": "MokXhTdT0I9P",
          "checksum": "b6a9120ac6c7ccad623fe8f0761c94ed"
        },
        {
          "type": "icon",
          "assetId": "py3qhZu2DUcQ",
          "checksum": "f1e259fe07be48d979d0366b1fdf67b5"
        },
        {
          "type": "icon",
          "assetId": "B4dKDaWNpkCh",
          "checksum": "2df051fbd8d35747dfa8fd933d587b47"
        },
        {
          "type": "icon",
          "assetId": "ssuzZBY0sw6z",
          "checksum": "0256d224c16f96cc02b90e1f24921e3e"
        },
        {
          "type": "icon",
          "assetId": "s67okV_9lstn",
          "checksum": "b6d07643c1a5d9bff1956c5c4e5ddbfa"
        },
        {
          "type": "icon",
          "assetId": "7UAuTamqn21P",
          "checksum": "bc165acc445f9c21ebaf4e0d3a8b896b"
        },
        {
          "type": "icon",
          "assetId": "ZHHIynI35F57",
          "checksum": "7cfd921a3201d7caa71625f3c03f17f6"
        },
        {
          "type": "icon",
          "assetId": "TvRrjqPXtFJS",
          "checksum": "baa252b192d919664ba9e14abe519fc3"
        },
        {
          "type": "icon",
          "assetId": "60sFp4AEwUha",
          "checksum": "0dc9ba2897e0e8f44ee278dca34f2349"
        },
        {
          "type": "icon",
          "assetId": "9wWQTyKkznbv",
          "checksum": "957bbdc64431747c6b093933a5dec966"
        },
        {
          "type": "icon",
          "assetId": "DK4XFzC-OV4W",
          "checksum": "e12c9c6d6c8372d3bb11ba9aef1ef926"
        },
        {
          "type": "icon",
          "assetId": "Cfc00A21EeuX",
          "checksum": "0a9a6cfb060f6c9099eb06e685ee8b22"
        },
        {
          "type": "icon",
          "assetId": "M1DUTtk8ZYNh",
          "checksum": "360c324d1ff4b99638ba53a0d75a01fe"
        },
        {
          "type": "image",
          "assetId": "vYH4k-SwAHt3",
          "checksum": "80d828f39355e1e777b56935292b6951"
        },
        {
          "type": "image",
          "assetId": "AoZeQJ5l8WP3",
          "checksum": "07089eb03af02bddf494c22dff6e0a49"
        },
        {
          "type": "image",
          "assetId": "Hj_M9dw3ep0t",
          "checksum": "d77441c1bbc48d08a43ccc87aa261d6f"
        },
        {
          "type": "image",
          "assetId": "ps3kBjjPlwqU",
          "checksum": "229b84a1fceb8e147b6e098ac587735b"
        },
        {
          "type": "image",
          "assetId": "uPWEZrs1as2u",
          "checksum": "e94eaf47b4f060d881d01f4e335f30a9"
        },
        {
          "type": "image",
          "assetId": "0L2E_JJjggbJ",
          "checksum": "09be25cfd22438a9a7ec53247083f3e3"
        },
        {
          "type": "image",
          "assetId": "f2xBVuVHc4JY",
          "checksum": "20c145e3e34cbbdf1706e6cde9625597"
        },
        {
          "type": "image",
          "assetId": "w1j2kp_e36cj",
          "checksum": "cdf386aaa38ebe2dbc68e33e20fd6b54"
        },
        {
          "type": "image",
          "assetId": "MrjqP8Q67APi",
          "checksum": "22e7bc2012cf9e440dcd47a0d3c8bed5"
        },
        {
          "type": "image",
          "assetId": "WH9jMYsfL_Mt",
          "checksum": "992c02c6a6dfb4019f4eb24619281c30"
        },
        {
          "type": "image",
          "assetId": "jsXrw2YE6gL2",
          "checksum": "92693eb50ad52b52772ac33769ffc8e0"
        },
        {
          "type": "image",
          "assetId": "PeqJVAIj03eC",
          "checksum": "b5ded900c0c9155a2c296f9f9df17c9a"
        },
        {
          "type": "image",
          "assetId": "v7DW0pSKL4F0",
          "checksum": "8c3c4ca7a447c150cb4cb2df580610f7"
        },
        {
          "type": "image",
          "assetId": "JXBDS95fU9-O",
          "checksum": "c297e6e8d672130ff0dac00f569488ec"
        },
        {
          "type": "image",
          "assetId": "ztlHWkKtDZiI",
          "checksum": "f287fbb99fd9cdf5c764edc603cce71a"
        },
        {
          "type": "image",
          "assetId": "sQWL3GAZfoXC",
          "checksum": "0265ebdbeb1f943bae6afc9c203b2c35"
        },
        {
          "type": "image",
          "assetId": "8xHq5HINsaFJ",
          "checksum": "2e87296c3f553600290180bcc2845ea0"
        },
        {
          "type": "image",
          "assetId": "UMUnsJcHQxIH",
          "checksum": "474f5efc6d3f3b96ddca0e5bcbdcbdf9"
        },
        {
          "type": "image",
          "assetId": "P_rK1wDvP0y2",
          "checksum": "7ff5498cfd566ce60c3484e2b2d22fae"
        },
        {
          "type": "image",
          "assetId": "CBk_pLORrtlX",
          "checksum": "8015a8a8a775813344f82dc992ec6a32"
        },
        {
          "type": "image",
          "assetId": "ekAMM6wqqcJ_",
          "checksum": "9a87fe639f1d31d589bf9ab7ba983998"
        },
        {
          "type": "image",
          "assetId": "nFSA0QGp6Xkq",
          "checksum": "936a9f9b451ad32415f084780aafa364"
        },
        {
          "type": "image",
          "assetId": "Dcj5AupRgjCA",
          "checksum": "c65d96ecba2f58794ccbbb00a7b6502d"
        },
        {
          "type": "image",
          "assetId": "pndAgmBGlazv",
          "checksum": "9450e706682f3674905bbf1e2d02cfdb"
        },
        {
          "type": "image",
          "assetId": "fe9V7B_JXsQp",
          "checksum": "ac56a8c0eb95c41c840dd948700062fa"
        }
      ]
    }
  ],
  "cliVersion": "0.1.166"
}
